
Microsoft Visual Studio Solution File, Format Version 12.00
# Visual Studio Version 16
VisualStudioVersion = 16.0.30002.166
MinimumVisualStudioVersion = 10.0.40219.1
Project("{9A19103F-16F7-4668-BE54-9A1E7A4F7556}") = "AbstractFactory", "AbstractFactory\AbstractFactory.csproj", "{05A950F7-9C09-46A3-933B-5CEAF6B62CA8}"
EndProject
Project("{FAE04EC0-301F-11D3-BF4B-00C04F79EFBC}") = "AbstractFactoryConsole", "AbstractFactoryConsole\AbstractFactoryConsole.csproj", "{EEA6B7A7-516F-464B-9444-19B358DA3E5E}"
EndProject
Global
	GlobalSection(SolutionConfigurationPlatforms) = preSolution
		Debug|Any CPU = Debug|Any CPU
		Release|Any CPU = Release|Any CPU
	EndGlobalSection
	GlobalSection(ProjectConfigurationPlatforms) = postSolution
		{05A950F7-9C09-46A3-933B-5CEAF6B62CA8}.Debug|Any CPU.ActiveCfg = Debug|Any CPU
		{05A950F7-9C09-46A3-933B-5CEAF6B62CA8}.Debug|Any CPU.Build.0 = Debug|Any CPU
		{05A950F7-9C09-46A3-933B-5CEAF6B62CA8}.Release|Any CPU.ActiveCfg = Release|Any CPU
		{05A950F7-9C09-46A3-933B-5CEAF6B62CA8}.Release|Any CPU.Build.0 = Release|Any CPU
		{EEA6B7A7-516F-464B-9444-19B358DA3E5E}.Debug|Any CPU.ActiveCfg = Debug|Any CPU
		{EEA6B7A7-516F-464B-9444-19B358DA3E5E}.Debug|Any CPU.Build.0 = Debug|Any CPU
		{EEA6B7A7-516F-464B-9444-19B358DA3E5E}.Release|Any CPU.ActiveCfg = Release|Any CPU
		{EEA6B7A7-516F-464B-9444-19B358DA3E5E}.Release|Any CPU.Build.0 = Release|Any CPU
	EndGlobalSection
	GlobalSection(SolutionProperties) = preSolution
		HideSolutionNode = FALSE
	EndGlobalSection
	GlobalSection(ExtensibilityGlobals) = postSolution
		SolutionGuid = {2DB729EB-0E74-4E22-AFF7-408F7EFEC488}
	EndGlobalSection
EndGlobal
